Microsoft Visual Studio Solution File, Format Version 12.00
# Visual Studio Version 17
VisualStudioVersion = 17.5.2.0
MinimumVisualStudioVersion = 10.0.40219.1
Project("{2150E333-8FDC-42A3-9474-1A3956D46DE8}") = "src", "src", "{827E0CD3-B72D-47B6-A68D-7590B98EB39B}"
EndProject
Project("{FAE04EC0-301F-11D3-BF4B-00C04F79EFBC}") = "JokeProvider", "src\JokeProvider\JokeProvider.csproj", "{ED20978E-4042-B2CE-568F-79AB1D586A6A}"
EndProject
Project("{FAE04EC0-301F-11D3-BF4B-00C04F79EFBC}") = "JokePresentation", "src\JokePresentation\JokePresentation.csproj", "{6607808B-2760-3599-EB7C-58FCC4B79C33}"
EndProject
Project("{2150E333-8FDC-42A3-9474-1A3956D46DE8}") = "terraform", "terraform", "{02EA681E-C7D8-13C7-8484-4AC65E1B71E8}"
	ProjectSection(SolutionItems) = preProject
		terraform\main.tf = terraform\main.tf
		terraform\variables.tf = terraform\variables.tf
	EndProjectSection
EndProject
Project("{2150E333-8FDC-42A3-9474-1A3956D46DE8}") = "swarm", "swarm", "{45FA18C4-9F5A-4FD0-8F40-AB8392448458}"
	ProjectSection(SolutionItems) = preProject
		swarm\docker-compose.yml = swarm\docker-compose.yml
		swarm\start.sh = swarm\start.sh
	EndProjectSection
EndProject
Global
	GlobalSection(SolutionConfigurationPlatforms) = preSolution
		Debug|Any CPU = Debug|Any CPU
		Release|Any CPU = Release|Any CPU
	EndGlobalSection
	GlobalSection(ProjectConfigurationPlatforms) = postSolution
		{ED20978E-4042-B2CE-568F-79AB1D586A6A}.Debug|Any CPU.ActiveCfg = Debug|Any CPU
		{ED20978E-4042-B2CE-568F-79AB1D586A6A}.Debug|Any CPU.Build.0 = Debug|Any CPU
		{ED20978E-4042-B2CE-568F-79AB1D586A6A}.Release|Any CPU.ActiveCfg = Release|Any CPU
		{ED20978E-4042-B2CE-568F-79AB1D586A6A}.Release|Any CPU.Build.0 = Release|Any CPU
		{6607808B-2760-3599-EB7C-58FCC4B79C33}.Debug|Any CPU.ActiveCfg = Debug|Any CPU
		{6607808B-2760-3599-EB7C-58FCC4B79C33}.Debug|Any CPU.Build.0 = Debug|Any CPU
		{6607808B-2760-3599-EB7C-58FCC4B79C33}.Release|Any CPU.ActiveCfg = Release|Any CPU
		{6607808B-2760-3599-EB7C-58FCC4B79C33}.Release|Any CPU.Build.0 = Release|Any CPU
	EndGlobalSection
	GlobalSection(SolutionProperties) = preSolution
		HideSolutionNode = FALSE
	EndGlobalSection
	GlobalSection(NestedProjects) = preSolution
		{ED20978E-4042-B2CE-568F-79AB1D586A6A} = {827E0CD3-B72D-47B6-A68D-7590B98EB39B}
		{6607808B-2760-3599-EB7C-58FCC4B79C33} = {827E0CD3-B72D-47B6-A68D-7590B98EB39B}
	EndGlobalSection
	GlobalSection(ExtensibilityGlobals) = postSolution
		SolutionGuid = {B3DB7D60-D935-4C6A-AEF7-0B20EB7379D0}
	EndGlobalSection
EndGlobal
